{
  "meteor": {},
  "dependencies": {
    "basePackages": {
      "reactive-table": {
        "path": "../.."
      },
      "bootstrap-3": {},
      "just-i18n": {}
    },
    "packages": {
      "reactive-table": {
        "path": "../.."
      },
      "bootstrap-3": {
        "git": "https://github.com/mangasocial/meteor-bootstrap-3.git",
        "tag": "v3.1.0-1",
        "commit": "329dccb08bfc18c635676dea600ac9953162cda9"
      },
      "just-i18n": {
        "git": "https://github.com/subhog/meteor-just-i18n.git",
        "tag": "v0.1.1",
        "commit": "ce88ac66c0dc107dc2da93ce152616115838101f"
      }
    }
  }
}
